
Microsoft Visual Studio Solution File, Format Version 12.00
# Visual Studio Version 17
VisualStudioVersion = 17.5.002.0
MinimumVisualStudioVersion = 10.0.40219.1
Project("{9A19103F-16F7-4668-BE54-9A1E7A4F7556}") = "Classes_Objetos", "Classes_Objetos.csproj", "{ADDCB71C-3375-4479-9E8B-CDA75E38D507}"
EndProject
Global
	GlobalSection(SolutionConfigurationPlatforms) = preSolution
		Debug|Any CPU = Debug|Any CPU
		Release|Any CPU = Release|Any CPU
	EndGlobalSection
	GlobalSection(ProjectConfigurationPlatforms) = postSolution
		{ADDCB71C-3375-4479-9E8B-CDA75E38D507}.Debug|Any CPU.ActiveCfg = Debug|Any CPU
		{ADDCB71C-3375-4479-9E8B-CDA75E38D507}.Debug|Any CPU.Build.0 = Debug|Any CPU
		{ADDCB71C-3375-4479-9E8B-CDA75E38D507}.Release|Any CPU.ActiveCfg = Release|Any CPU
		{ADDCB71C-3375-4479-9E8B-CDA75E38D507}.Release|Any CPU.Build.0 = Release|Any CPU
	EndGlobalSection
	GlobalSection(SolutionProperties) = preSolution
		HideSolutionNode = FALSE
	EndGlobalSection
	GlobalSection(ExtensibilityGlobals) = postSolution
		SolutionGuid = {7F5ABAC5-A793-4B6C-AB3B-08378D3B40EC}
	EndGlobalSection
EndGlobal
