
Microsoft Visual Studio Solution File, Format Version 12.00
# Visual Studio Version 17
VisualStudioVersion = 17.5.002.0
MinimumVisualStudioVersion = 10.0.40219.1
Project("{9A19103F-16F7-4668-BE54-9A1E7A4F7556}") = "Desafio-LPOO", "Desafio-LPOO.csproj", "{C490D1EE-8CFC-4746-8CF4-8167906A7562}"
EndProject
Global
	GlobalSection(SolutionConfigurationPlatforms) = preSolution
		Debug|Any CPU = Debug|Any CPU
		Release|Any CPU = Release|Any CPU
	EndGlobalSection
	GlobalSection(ProjectConfigurationPlatforms) = postSolution
		{C490D1EE-8CFC-4746-8CF4-8167906A7562}.Debug|Any CPU.ActiveCfg = Debug|Any CPU
		{C490D1EE-8CFC-4746-8CF4-8167906A7562}.Debug|Any CPU.Build.0 = Debug|Any CPU
		{C490D1EE-8CFC-4746-8CF4-8167906A7562}.Release|Any CPU.ActiveCfg = Release|Any CPU
		{C490D1EE-8CFC-4746-8CF4-8167906A7562}.Release|Any CPU.Build.0 = Release|Any CPU
	EndGlobalSection
	GlobalSection(SolutionProperties) = preSolution
		HideSolutionNode = FALSE
	EndGlobalSection
	GlobalSection(ExtensibilityGlobals) = postSolution
		SolutionGuid = {977049F6-5C2D-48D9-8616-24814B20F7AE}
	EndGlobalSection
EndGlobal
